{
  "version": 4,
  "terraform_version": "1.13.1",
  "serial": 16,
  "lineage": "305e435b-be23-2544-dfa7-2b80855809dd",
  "outputs": {
    "cloudwatch_log_group_arn": {
      "value": "arn:aws:logs:us-east-1:891612547191:log-group:/aws/lambda/data-transformation",
      "type": "string"
    },
    "cloudwatch_log_group_name": {
      "value": "/aws/lambda/data-transformation",
      "type": "string"
    },
    "ecr_repository_arn": {
      "value": "arn:aws:ecr:us-east-1:891612547191:repository/data-transformation",
      "type": "string"
    },
    "ecr_repository_url": {
      "value": "891612547191.dkr.ecr.us-east-1.amazonaws.com/data-transformation",
      "type": "string"
    },
    "lambda_function_name": {
      "value": "data-transformation",
      "type": "string"
    }
  },
  "resources": [
    {
      "mode": "data",
      "type": "aws_caller_identity",
      "name": "current",
      "provider": "provider[\"registry.terraform.io/hashicorp/aws\"]",
      "instances": [
        {
          "schema_version": 0,
          "attributes": {
            "account_id": "891612547191",
            "arn": "arn:aws:iam::891612547191:user/dbt_user",
            "id": "891612547191",
            "user_id": "AIDA47GB7ZB3UKBF7CHVU"
          },
          "sensitive_attributes": [],
          "identity_schema_version": 0
        }
      ]
    },
    {
      "mode": "data",
      "type": "aws_region",
      "name": "current",
      "provider": "provider[\"registry.terraform.io/hashicorp/aws\"]",
      "instances": [
        {
          "schema_version": 0,
          "attributes": {
            "description": "US East (N. Virginia)",
            "endpoint": "ec2.us-east-1.amazonaws.com",
            "id": "us-east-1",
            "name": "us-east-1"
          },
          "sensitive_attributes": [],
          "identity_schema_version": 0
        }
      ]
    },
    {
      "mode": "managed",
      "type": "aws_cloudwatch_log_group",
      "name": "lambda_logs",
      "provider": "provider[\"registry.terraform.io/hashicorp/aws\"]",
      "instances": [
        {
          "schema_version": 0,
          "attributes": {
            "arn": "arn:aws:logs:us-east-1:891612547191:log-group:/aws/lambda/data-transformation",
            "id": "/aws/lambda/data-transformation",
            "kms_key_id": "",
            "log_group_class": "STANDARD",
            "name": "/aws/lambda/data-transformation",
            "name_prefix": "",
            "retention_in_days": 14,
            "skip_destroy": false,
            "tags": {},
            "tags_all": {}
          },
          "sensitive_attributes": [],
          "identity_schema_version": 0,
          "private": "bnVsbA=="
        }
      ]
    },
    {
      "mode": "managed",
      "type": "aws_ecr_repository",
      "name": "data_transformation",
      "provider": "provider[\"registry.terraform.io/hashicorp/aws\"]",
      "instances": [
        {
          "schema_version": 0,
          "attributes": {
            "arn": "arn:aws:ecr:us-east-1:891612547191:repository/data-transformation",
            "encryption_configuration": [
              {
                "encryption_type": "AES256",
                "kms_key": ""
              }
            ],
            "force_delete": null,
            "id": "data-transformation",
            "image_scanning_configuration": [
              {
                "scan_on_push": true
              }
            ],
            "image_tag_mutability": "MUTABLE",
            "name": "data-transformation",
            "registry_id": "891612547191",
            "repository_url": "891612547191.dkr.ecr.us-east-1.amazonaws.com/data-transformation",
            "tags": {},
            "tags_all": {},
            "timeouts": null
          },
          "sensitive_attributes": [],
          "identity_schema_version": 0,
          "private": "eyJlMmJmYjczMC1lY2FhLTExZTYtOGY4OC0zNDM2M2JjN2M0YzAiOnsiZGVsZXRlIjoxMjAwMDAwMDAwMDAwfX0="
        }
      ]
    }
  ],
  "check_results": null
}
